// !$*UTF8*$!
{
	archiveVersion = 1;
	classes = {
	};
	objectVersion = 56;
	objects = {

/* Begin PBXBuildFile section */
		8CD224B62B4EEA1200DB8DC1 /* DetailController.swift in Sources */ = {isa = PBXBuildFile; fileRef = 8CD224B52B4EEA1200DB8DC1 /* DetailController.swift */; };
		8CD224B82B4EEAD300DB8DC1 /* DetailView.swift in Sources */ = {isa = PBXBuildFile; fileRef = 8CD224B72B4EEAD300DB8DC1 /* DetailView.swift */; };
		8CFDED4E2B4C177600CAE6C4 /* AppDelegate.swift in Sources */ = {isa = PBXBuildFile; fileRef = 8CFDED4D2B4C177600CAE6C4 /* AppDelegate.swift */; };
		8CFDED502B4C177600CAE6C4 /* SceneDelegate.swift in Sources */ = {isa = PBXBuildFile; fileRef = 8CFDED4F2B4C177600CAE6C4 /* SceneDelegate.swift */; };
		8CFDED572B4C177800CAE6C4 /* Assets.xcassets in Resources */ = {isa = PBXBuildFile; fileRef = 8CFDED562B4C177800CAE6C4 /* Assets.xcassets */; };
		8CFDED5A2B4C177800CAE6C4 /* LaunchScreen.storyboard in Resources */ = {isa = PBXBuildFile; fileRef = 8CFDED582B4C177800CAE6C4 /* LaunchScreen.storyboard */; };
		8CFDED662B4C1ADA00CAE6C4 /* SnapKit in Frameworks */ = {isa = PBXBuildFile; productRef = 8CFDED652B4C1ADA00CAE6C4 /* SnapKit */; };
		8CFDED682B4C1ADA00CAE6C4 /* SnapKit-Dynamic in Frameworks */ = {isa = PBXBuildFile; productRef = 8CFDED672B4C1ADA00CAE6C4 /* SnapKit-Dynamic */; };
		8CFDED782B4C390F00CAE6C4 /* Model.swift in Sources */ = {isa = PBXBuildFile; fileRef = 8CFDED772B4C390F00CAE6C4 /* Model.swift */; };
		8CFDED7A2B4CA43300CAE6C4 /* MainController.swift in Sources */ = {isa = PBXBuildFile; fileRef = 8CFDED792B4CA43300CAE6C4 /* MainController.swift */; };
		8CFDED7C2B4CA48700CAE6C4 /* MainView.swift in Sources */ = {isa = PBXBuildFile; fileRef = 8CFDED7B2B4CA48700CAE6C4 /* MainView.swift */; };
		8CFDED802B4E333B00CAE6C4 /* MainTableViewCell.swift in Sources */ = {isa = PBXBuildFile; fileRef = 8CFDED7F2B4E333B00CAE6C4 /* MainTableViewCell.swift */; };
/* End PBXBuildFile section */

/* Begin PBXFileReference section */
		8CD224B52B4EEA1200DB8DC1 /* DetailController.swift */ = {isa = PBXFileReference; lastKnownFileType = sourcecode.swift; path = DetailController.swift; sourceTree = "<group>"; };
		8CD224B72B4EEAD300DB8DC1 /* DetailView.swift */ = {isa = PBXFileReference; lastKnownFileType = sourcecode.swift; path = DetailView.swift; sourceTree = "<group>"; };
		8CFDED4A2B4C177600CAE6C4 /* Settings (MVC).app */ = {isa = PBXFileReference; explicitFileType = wrapper.application; includeInIndex = 0; path = "Settings (MVC).app"; sourceTree = BUILT_PRODUCTS_DIR; };
		8CFDED4D2B4C177600CAE6C4 /* AppDelegate.swift */ = {isa = PBXFileReference; lastKnownFileType = sourcecode.swift; path = AppDelegate.swift; sourceTree = "<group>"; };
		8CFDED4F2B4C177600CAE6C4 /* SceneDelegate.swift */ = {isa = PBXFileReference; lastKnownFileType = sourcecode.swift; path = SceneDelegate.swift; sourceTree = "<group>"; };
		8CFDED562B4C177800CAE6C4 /* Assets.xcassets */ = {isa = PBXFileReference; lastKnownFileType = folder.assetcatalog; path = Assets.xcassets; sourceTree = "<group>"; };
		8CFDED592B4C177800CAE6C4 /* Base */ = {isa = PBXFileReference; lastKnownFileType = file.storyboard; name = Base; path = Base.lproj/LaunchScreen.storyboard; sourceTree = "<group>"; };
		8CFDED5B2B4C177800CAE6C4 /* Info.plist */ = {isa = PBXFileReference; lastKnownFileType = text.plist.xml; path = Info.plist; sourceTree = "<group>"; };
		8CFDED772B4C390F00CAE6C4 /* Model.swift */ = {isa = PBXFileReference; lastKnownFileType = sourcecode.swift; path = Model.swift; sourceTree = "<group>"; };
		8CFDED792B4CA43300CAE6C4 /* MainController.swift */ = {isa = PBXFileReference; lastKnownFileType = sourcecode.swift; path = MainController.swift; sourceTree = "<group>"; };
		8CFDED7B2B4CA48700CAE6C4 /* MainView.swift */ = {isa = PBXFileReference; lastKnownFileType = sourcecode.swift; path = MainView.swift; sourceTree = "<group>"; };
		8CFDED7F2B4E333B00CAE6C4 /* MainTableViewCell.swift */ = {isa = PBXFileReference; lastKnownFileType = sourcecode.swift; path = MainTableViewCell.swift; sourceTree = "<group>"; };
/* End PBXFileReference section */

/* Begin PBXFrameworksBuildPhase section */
		8CFDED472B4C177600CAE6C4 /* Frameworks */ = {
			isa = PBXFrameworksBuildPhase;
			buildActionMask = 2147483647;
			files = (
				8CFDED662B4C1ADA00CAE6C4 /* SnapKit in Frameworks */,
				8CFDED682B4C1ADA00CAE6C4 /* SnapKit-Dynamic in Frameworks */,
			);
			runOnlyForDeploymentPostprocessing = 0;
		};
/* End PBXFrameworksBuildPhase section */

/* Begin PBXGroup section */
		8CFDED412B4C177600CAE6C4 = {
			isa = PBXGroup;
			children = (
				8CFDED4C2B4C177600CAE6C4 /* Settings (MVC) */,
				8CFDED4B2B4C177600CAE6C4 /* Products */,
			);
			sourceTree = "<group>";
		};
		8CFDED4B2B4C177600CAE6C4 /* Products */ = {
			isa = PBXGroup;
			children = (
				8CFDED4A2B4C177600CAE6C4 /* Settings (MVC).app */,
			);
			name = Products;
			sourceTree = "<group>";
		};
		8CFDED4C2B4C177600CAE6C4 /* Settings (MVC) */ = {
			isa = PBXGroup;
			children = (
				8CFDED612B4C1A1F00CAE6C4 /* Sources */,
				8CFDED622B4C1A2400CAE6C4 /* Resources */,
			);
			path = "Settings (MVC)";
			sourceTree = "<group>";
		};
		8CFDED612B4C1A1F00CAE6C4 /* Sources */ = {
			isa = PBXGroup;
			children = (
				8CFDED632B4C1A3800CAE6C4 /* App */,
				8CFDED732B4C323800CAE6C4 /* Scenes */,
			);
			path = Sources;
			sourceTree = "<group>";
		};
		8CFDED622B4C1A2400CAE6C4 /* Resources */ = {
			isa = PBXGroup;
			children = (
				8CFDED562B4C177800CAE6C4 /* Assets.xcassets */,
				8CFDED582B4C177800CAE6C4 /* LaunchScreen.storyboard */,
				8CFDED5B2B4C177800CAE6C4 /* Info.plist */,
			);
			path = Resources;
			sourceTree = "<group>";
		};
		8CFDED632B4C1A3800CAE6C4 /* App */ = {
			isa = PBXGroup;
			children = (
				8CFDED4D2B4C177600CAE6C4 /* AppDelegate.swift */,
				8CFDED4F2B4C177600CAE6C4 /* SceneDelegate.swift */,
			);
			path = App;
			sourceTree = "<group>";
		};
		8CFDED732B4C323800CAE6C4 /* Scenes */ = {
			isa = PBXGroup;
			children = (
				8CFDED742B4C324400CAE6C4 /* Model */,
				8CFDED752B4C324800CAE6C4 /* View */,
				8CFDED762B4C324D00CAE6C4 /* Controller */,
			);
			path = Scenes;
			sourceTree = "<group>";
		};
		8CFDED742B4C324400CAE6C4 /* Model */ = {
			isa = PBXGroup;
			children = (
				8CFDED772B4C390F00CAE6C4 /* Model.swift */,
			);
			path = Model;
			sourceTree = "<group>";
		};
		8CFDED752B4C324800CAE6C4 /* View */ = {
			isa = PBXGroup;
			children = (
				8CFDED7B2B4CA48700CAE6C4 /* MainView.swift */,
				8CFDED7F2B4E333B00CAE6C4 /* MainTableViewCell.swift */,
				8CD224B72B4EEAD300DB8DC1 /* DetailView.swift */,
			);
			path = View;
			sourceTree = "<group>";
		};
		8CFDED762B4C324D00CAE6C4 /* Controller */ = {
			isa = PBXGroup;
			children = (
				8CFDED792B4CA43300CAE6C4 /* MainController.swift */,
				8CD224B52B4EEA1200DB8DC1 /* DetailController.swift */,
			);
			path = Controller;
			sourceTree = "<group>";
		};
/* End PBXGroup section */

/* Begin PBXNativeTarget section */
		8CFDED492B4C177600CAE6C4 /* Settings (MVC) */ = {
			isa = PBXNativeTarget;
			buildConfigurationList = 8CFDED5E2B4C177800CAE6C4 /* Build configuration list for PBXNativeTarget "Settings (MVC)" */;
			buildPhases = (
				8CFDED462B4C177600CAE6C4 /* Sources */,
				8CFDED472B4C177600CAE6C4 /* Frameworks */,
				8CFDED482B4C177600CAE6C4 /* Resources */,
			);
			buildRules = (
			);
			dependencies = (
			);
			name = "Settings (MVC)";
			packageProductDependencies = (
				8CFDED652B4C1ADA00CAE6C4 /* SnapKit */,
				8CFDED672B4C1ADA00CAE6C4 /* SnapKit-Dynamic */,
			);
			productName = "Settings (MVC)";
			productReference = 8CFDED4A2B4C177600CAE6C4 /* Settings (MVC).app */;
			productType = "com.apple.product-type.application";
		};
/* End PBXNativeTarget section */

/* Begin PBXProject section */
		8CFDED422B4C177600CAE6C4 /* Project object */ = {
			isa = PBXProject;
			attributes = {
				BuildIndependentTargetsInParallel = 1;
				LastSwiftUpdateCheck = 1510;
				LastUpgradeCheck = 1510;
				TargetAttributes = {
					8CFDED492B4C177600CAE6C4 = {
						CreatedOnToolsVersion = 15.1;
					};
				};
			};
			buildConfigurationList = 8CFDED452B4C177600CAE6C4 /* Build configuration list for PBXProject "Settings (MVC)" */;
			compatibilityVersion = "Xcode 14.0";
			developmentRegion = en;
			hasScannedForEncodings = 0;
			knownRegions = (
				en,
				Base,
			);
			mainGroup = 8CFDED412B4C177600CAE6C4;
			packageReferences = (
				8CFDED642B4C1ADA00CAE6C4 /* XCRemoteSwiftPackageReference "SnapKit" */,
			);
			productRefGroup = 8CFDED4B2B4C177600CAE6C4 /* Products */;
			projectDirPath = "";
			projectRoot = "";
			targets = (
				8CFDED492B4C177600CAE6C4 /* Settings (MVC) */,
			);
		};
/* End PBXProject section */

/* Begin PBXResourcesBuildPhase section */
		8CFDED482B4C177600CAE6C4 /* Resources */ = {
			isa = PBXResourcesBuildPhase;
			buildActionMask = 2147483647;
			files = (
				8CFDED5A2B4C177800CAE6C4 /* LaunchScreen.storyboard in Resources */,
				8CFDED572B4C177800CAE6C4 /* Assets.xcassets in Resources */,
			);
			runOnlyForDeploymentPostprocessing = 0;
		};
/* End PBXResourcesBuildPhase section */

/* Begin PBXSourcesBuildPhase section */
		8CFDED462B4C177600CAE6C4 /* Sources */ = {
			isa = PBXSourcesBuildPhase;
			buildActionMask = 2147483647;
			files = (
				8CFDED7C2B4CA48700CAE6C4 /* MainView.swift in Sources */,
				8CFDED802B4E333B00CAE6C4 /* MainTableViewCell.swift in Sources */,
				8CFDED4E2B4C177600CAE6C4 /* AppDelegate.swift in Sources */,
				8CFDED7A2B4CA43300CAE6C4 /* MainController.swift in Sources */,
				8CFDED502B4C177600CAE6C4 /* SceneDelegate.swift in Sources */,
				8CD224B62B4EEA1200DB8DC1 /* DetailController.swift in Sources */,
				8CD224B82B4EEAD300DB8DC1 /* DetailView.swift in Sources */,
				8CFDED782B4C390F00CAE6C4 /* Model.swift in Sources */,
			);
			runOnlyForDeploymentPostprocessing = 0;
		};
/* End PBXSourcesBuildPhase section */

/* Begin PBXVariantGroup section */
		8CFDED582B4C177800CAE6C4 /* LaunchScreen.storyboard */ = {
			isa = PBXVariantGroup;
			children = (
				8CFDED592B4C177800CAE6C4 /* Base */,
			);
			name = LaunchScreen.storyboard;
			sourceTree = "<group>";
		};
/* End PBXVariantGroup section */

/* Begin XCBuildConfiguration section */
		8CFDED5C2B4C177800CAE6C4 /* Debug */ = {
			isa = XCBuildConfiguration;
			buildSettings = {
				ALWAYS_SEARCH_USER_PATHS = NO;
				ASSETCATALOG_COMPILER_GENERATE_SWIFT_ASSET_SYMBOL_EXTENSIONS = YES;
				CLANG_ANALYZER_NONNULL = YES;
				CLANG_ANALYZER_NUMBER_OBJECT_CONVERSION = YES_AGGRESSIVE;
				CLANG_CXX_LANGUAGE_STANDARD = "gnu++20";
				CLANG_ENABLE_MODULES = YES;
				CLANG_ENABLE_OBJC_ARC = YES;
				CLANG_ENABLE_OBJC_WEAK = YES;
				CLANG_WARN_BLOCK_CAPTURE_AUTORELEASING = YES;
				CLANG_WARN_BOOL_CONVERSION = YES;
				CLANG_WARN_COMMA = YES;
				CLANG_WARN_CONSTANT_CONVERSION = YES;
				CLANG_WARN_DEPRECATED_OBJC_IMPLEMENTATIONS = YES;
				CLANG_WARN_DIRECT_OBJC_ISA_USAGE = YES_ERROR;
				CLANG_WARN_DOCUMENTATION_COMMENTS = YES;
				CLANG_WARN_EMPTY_BODY = YES;
				CLANG_WARN_ENUM_CONVERSION = YES;
				CLANG_WARN_INFINITE_RECURSION = YES;
				CLANG_WARN_INT_CONVERSION = YES;
				CLANG_WARN_NON_LITERAL_NULL_CONVERSION = YES;
				CLANG_WARN_OBJC_IMPLICIT_RETAIN_SELF = YES;
				CLANG_WARN_OBJC_LITERAL_CONVERSION = YES;
				CLANG_WARN_OBJC_ROOT_CLASS = YES_ERROR;
				CLANG_WARN_QUOTED_INCLUDE_IN_FRAMEWORK_HEADER = YES;
				CLANG_WARN_RANGE_LOOP_ANALYSIS = YES;
				CLANG_WARN_STRICT_PROTOTYPES = YES;
				CLANG_WARN_SUSPICIOUS_MOVE = YES;
				CLANG_WARN_UNGUARDED_AVAILABILITY = YES_AGGRESSIVE;
				CLANG_WARN_UNREACHABLE_CODE = YES;
				CLANG_WARN__DUPLICATE_METHOD_MATCH = YES;
				COPY_PHASE_STRIP = NO;
				DEBUG_INFORMATION_FORMAT = dwarf;
				ENABLE_STRICT_OBJC_MSGSEND = YES;
				ENABLE_TESTABILITY = YES;
				ENABLE_USER_SCRIPT_SANDBOXING = YES;
				GCC_C_LANGUAGE_STANDARD = gnu17;
				GCC_DYNAMIC_NO_PIC = NO;
				GCC_NO_COMMON_BLOCKS = YES;
				GCC_OPTIMIZATION_LEVEL = 0;
				GCC_PREPROCESSOR_DEFINITIONS = (
					"DEBUG=1",
					"$(inherited)",
				);
				GCC_WARN_64_TO_32_BIT_CONVERSION = YES;
				GCC_WARN_ABOUT_RETURN_TYPE = YES_ERROR;
				GCC_WARN_UNDECLARED_SELECTOR = YES;
				GCC_WARN_UNINITIALIZED_AUTOS = YES_AGGRESSIVE;
				GCC_WARN_UNUSED_FUNCTION = YES;
				GCC_WARN_UNUSED_VARIABLE = YES;
				IPHONEOS_DEPLOYMENT_TARGET = 17.2;
				LOCALIZATION_PREFERS_STRING_CATALOGS = YES;
				MTL_ENABLE_DEBUG_INFO = INCLUDE_SOURCE;
				MTL_FAST_MATH = YES;
				ONLY_ACTIVE_ARCH = YES;
				SDKROOT = iphoneos;
				SWIFT_ACTIVE_COMPILATION_CONDITIONS = "DEBUG $(inherited)";
				SWIFT_OPTIMIZATION_LEVEL = "-Onone";
			};
			name = Debug;
		};
		8CFDED5D2B4C177800CAE6C4 /* Release */ = {
			isa = XCBuildConfiguration;
			buildSettings = {
				ALWAYS_SEARCH_USER_PATHS = NO;
				ASSETCATALOG_COMPILER_GENERATE_SWIFT_ASSET_SYMBOL_EXTENSIONS = YES;
				CLANG_ANALYZER_NONNULL = YES;
				CLANG_ANALYZER_NUMBER_OBJECT_CONVERSION = YES_AGGRESSIVE;
				CLANG_CXX_LANGUAGE_STANDARD = "gnu++20";
				CLANG_ENABLE_MODULES = YES;
				CLANG_ENABLE_OBJC_ARC = YES;
				CLANG_ENABLE_OBJC_WEAK = YES;
				CLANG_WARN_BLOCK_CAPTURE_AUTORELEASING = YES;
				CLANG_WARN_BOOL_CONVERSION = YES;
				CLANG_WARN_COMMA = YES;
				CLANG_WARN_CONSTANT_CONVERSION = YES;
				CLANG_WARN_DEPRECATED_OBJC_IMPLEMENTATIONS = YES;
				CLANG_WARN_DIRECT_OBJC_ISA_USAGE = YES_ERROR;
				CLANG_WARN_DOCUMENTATION_COMMENTS = YES;
				CLANG_WARN_EMPTY_BODY = YES;
				CLANG_WARN_ENUM_CONVERSION = YES;
				CLANG_WARN_INFINITE_RECURSION = YES;
				CLANG_WARN_INT_CONVERSION = YES;
				CLANG_WARN_NON_LITERAL_NULL_CONVERSION = YES;
				CLANG_WARN_OBJC_IMPLICIT_RETAIN_SELF = YES;
				CLANG_WARN_OBJC_LITERAL_CONVERSION = YES;
				CLANG_WARN_OBJC_ROOT_CLASS = YES_ERROR;
				CLANG_WARN_QUOTED_INCLUDE_IN_FRAMEWORK_HEADER = YES;
				CLANG_WARN_RANGE_LOOP_ANALYSIS = YES;
				CLANG_WARN_STRICT_PROTOTYPES = YES;
				CLANG_WARN_SUSPICIOUS_MOVE = YES;
				CLANG_WARN_UNGUARDED_AVAILABILITY = YES_AGGRESSIVE;
				CLANG_WARN_UNREACHABLE_CODE = YES;
				CLANG_WARN__DUPLICATE_METHOD_MATCH = YES;
				COPY_PHASE_STRIP = NO;
				DEBUG_INFORMATION_FORMAT = "dwarf-with-dsym";
				ENABLE_NS_ASSERTIONS = NO;
				ENABLE_STRICT_OBJC_MSGSEND = YES;
				ENABLE_USER_SCRIPT_SANDBOXING = YES;
				GCC_C_LANGUAGE_STANDARD = gnu17;
				GCC_NO_COMMON_BLOCKS = YES;
				GCC_WARN_64_TO_32_BIT_CONVERSION = YES;
				GCC_WARN_ABOUT_RETURN_TYPE = YES_ERROR;
				GCC_WARN_UNDECLARED_SELECTOR = YES;
				GCC_WARN_UNINITIALIZED_AUTOS = YES_AGGRESSIVE;
				GCC_WARN_UNUSED_FUNCTION = YES;
				GCC_WARN_UNUSED_VARIABLE = YES;
				IPHONEOS_DEPLOYMENT_TARGET = 17.2;
				LOCALIZATION_PREFERS_STRING_CATALOGS = YES;
				MTL_ENABLE_DEBUG_INFO = NO;
				MTL_FAST_MATH = YES;
				SDKROOT = iphoneos;
				SWIFT_COMPILATION_MODE = wholemodule;
				VALIDATE_PRODUCT = YES;
			};
			name = Release;
		};
		8CFDED5F2B4C177800CAE6C4 /* Debug */ = {
			isa = XCBuildConfiguration;
			buildSettings = {
				ASSETCATALOG_COMPILER_APPICON_NAME = AppIcon;
				ASSETCATALOG_COMPILER_GLOBAL_ACCENT_COLOR_NAME = AccentColor;
				CODE_SIGN_STYLE = Automatic;
				CURRENT_PROJECT_VERSION = 1;
				GENERATE_INFOPLIST_FILE = YES;
				INFOPLIST_FILE = "Settings (MVC)/Info.plist";
				INFOPLIST_KEY_UIApplicationSupportsIndirectInputEvents = YES;
				INFOPLIST_KEY_UILaunchStoryboardName = LaunchScreen;
				INFOPLIST_KEY_UISupportedInterfaceOrientations_iPad = "UIInterfaceOrientationPortrait UIInterfaceOrientationPortraitUpsideDown UIInterfaceOrientationLandscapeLeft UIInterfaceOrientationLandscapeRight";
				INFOPLIST_KEY_UISupportedInterfaceOrientations_iPhone = "UIInterfaceOrientationPortrait UIInterfaceOrientationLandscapeLeft UIInterfaceOrientationLandscapeRight";
				LD_RUNPATH_SEARCH_PATHS = (
					"$(inherited)",
					"@executable_path/Frameworks",
				);
				MARKETING_VERSION = 1.0;
				PRODUCT_BUNDLE_IDENTIFIER = "com.my.Settings--MVC-";
				PRODUCT_NAME = "$(TARGET_NAME)";
				SWIFT_EMIT_LOC_STRINGS = YES;
				SWIFT_VERSION = 5.0;
				TARGETED_DEVICE_FAMILY = "1,2";
			};
			name = Debug;
		};
		8CFDED602B4C177800CAE6C4 /* Release */ = {
			isa = XCBuildConfiguration;
			buildSettings = {
				ASSETCATALOG_COMPILER_APPICON_NAME = AppIcon;
				ASSETCATALOG_COMPILER_GLOBAL_ACCENT_COLOR_NAME = AccentColor;
				CODE_SIGN_STYLE = Automatic;
				CURRENT_PROJECT_VERSION = 1;
				GENERATE_INFOPLIST_FILE = YES;
				INFOPLIST_FILE = "Settings (MVC)/Info.plist";
				INFOPLIST_KEY_UIApplicationSupportsIndirectInputEvents = YES;
				INFOPLIST_KEY_UILaunchStoryboardName = LaunchScreen;
				INFOPLIST_KEY_UISupportedInterfaceOrientations_iPad = "UIInterfaceOrientationPortrait UIInterfaceOrientationPortraitUpsideDown UIInterfaceOrientationLandscapeLeft UIInterfaceOrientationLandscapeRight";
				INFOPLIST_KEY_UISupportedInterfaceOrientations_iPhone = "UIInterfaceOrientationPortrait UIInterfaceOrientationLandscapeLeft UIInterfaceOrientationLandscapeRight";
				LD_RUNPATH_SEARCH_PATHS = (
					"$(inherited)",
					"@executable_path/Frameworks",
				);
				MARKETING_VERSION = 1.0;
				PRODUCT_BUNDLE_IDENTIFIER = "com.my.Settings--MVC-";
				PRODUCT_NAME = "$(TARGET_NAME)";
				SWIFT_EMIT_LOC_STRINGS = YES;
				SWIFT_VERSION = 5.0;
				TARGETED_DEVICE_FAMILY = "1,2";
			};
			name = Release;
		};
/* End XCBuildConfiguration section */

/* Begin XCConfigurationList section */
		8CFDED452B4C177600CAE6C4 /* Build configuration list for PBXProject "Settings (MVC)" */ = {
			isa = XCConfigurationList;
			buildConfigurations = (
				8CFDED5C2B4C177800CAE6C4 /* Debug */,
				8CFDED5D2B4C177800CAE6C4 /* Release */,
			);
			defaultConfigurationIsVisible = 0;
			defaultConfigurationName = Release;
		};
		8CFDED5E2B4C177800CAE6C4 /* Build configuration list for PBXNativeTarget "Settings (MVC)" */ = {
			isa = XCConfigurationList;
			buildConfigurations = (
				8CFDED5F2B4C177800CAE6C4 /* Debug */,
				8CFDED602B4C177800CAE6C4 /* Release */,
			);
			defaultConfigurationIsVisible = 0;
			defaultConfigurationName = Release;
		};
/* End XCConfigurationList section */

/* Begin XCRemoteSwiftPackageReference section */
		8CFDED642B4C1ADA00CAE6C4 /* XCRemoteSwiftPackageReference "SnapKit" */ = {
			isa = XCRemoteSwiftPackageReference;
			repositoryURL = "https://github.com/SnapKit/SnapKit.git";
			requirement = {
				kind = upToNextMajorVersion;
				minimumVersion = 5.7.0;
			};
		};
/* End XCRemoteSwiftPackageReference section */

/* Begin XCSwiftPackageProductDependency section */
		8CFDED652B4C1ADA00CAE6C4 /* SnapKit */ = {
			isa = XCSwiftPackageProductDependency;
			package = 8CFDED642B4C1ADA00CAE6C4 /* XCRemoteSwiftPackageReference "SnapKit" */;
			productName = SnapKit;
		};
		8CFDED672B4C1ADA00CAE6C4 /* SnapKit-Dynamic */ = {
			isa = XCSwiftPackageProductDependency;
			package = 8CFDED642B4C1ADA00CAE6C4 /* XCRemoteSwiftPackageReference "SnapKit" */;
			productName = "SnapKit-Dynamic";
		};
/* End XCSwiftPackageProductDependency section */
	};
	rootObject = 8CFDED422B4C177600CAE6C4 /* Project object */;
}
